
Microsoft Visual Studio Solution File, Format Version 12.00
# Visual Studio Version 16
VisualStudioVersion = 16.0.30611.23
MinimumVisualStudioVersion = 10.0.40219.1
Project("{9A19103F-16F7-4668-BE54-9A1E7A4F7556}") = "Slingo", "Slingo\Slingo.csproj", "{4617F770-2F3C-4938-B655-89E90897E83C}"
EndProject
Project("{9A19103F-16F7-4668-BE54-9A1E7A4F7556}") = "SlingoLib", "SlingoLib\SlingoLib.csproj", "{A1BE17DA-840F-4F3C-B4E5-AB53B9DDC6F3}"
EndProject
Project("{9A19103F-16F7-4668-BE54-9A1E7A4F7556}") = "SlingoLib.Test", "SlingoLib.Test\SlingoLib.Test.csproj", "{6E388E0D-A381-435E-A312-1A820C2B683E}"
EndProject
Global
	GlobalSection(SolutionConfigurationPlatforms) = preSolution
		Debug|Any CPU = Debug|Any CPU
		Release|Any CPU = Release|Any CPU
	EndGlobalSection
	GlobalSection(ProjectConfigurationPlatforms) = postSolution
		{4617F770-2F3C-4938-B655-89E90897E83C}.Debug|Any CPU.ActiveCfg = Debug|Any CPU
		{4617F770-2F3C-4938-B655-89E90897E83C}.Debug|Any CPU.Build.0 = Debug|Any CPU
		{4617F770-2F3C-4938-B655-89E90897E83C}.Release|Any CPU.ActiveCfg = Release|Any CPU
		{4617F770-2F3C-4938-B655-89E90897E83C}.Release|Any CPU.Build.0 = Release|Any CPU
		{A1BE17DA-840F-4F3C-B4E5-AB53B9DDC6F3}.Debug|Any CPU.ActiveCfg = Debug|Any CPU
		{A1BE17DA-840F-4F3C-B4E5-AB53B9DDC6F3}.Debug|Any CPU.Build.0 = Debug|Any CPU
		{A1BE17DA-840F-4F3C-B4E5-AB53B9DDC6F3}.Release|Any CPU.ActiveCfg = Release|Any CPU
		{A1BE17DA-840F-4F3C-B4E5-AB53B9DDC6F3}.Release|Any CPU.Build.0 = Release|Any CPU
		{6E388E0D-A381-435E-A312-1A820C2B683E}.Debug|Any CPU.ActiveCfg = Debug|Any CPU
		{6E388E0D-A381-435E-A312-1A820C2B683E}.Debug|Any CPU.Build.0 = Debug|Any CPU
		{6E388E0D-A381-435E-A312-1A820C2B683E}.Release|Any CPU.ActiveCfg = Release|Any CPU
		{6E388E0D-A381-435E-A312-1A820C2B683E}.Release|Any CPU.Build.0 = Release|Any CPU
	EndGlobalSection
	GlobalSection(SolutionProperties) = preSolution
		HideSolutionNode = FALSE
	EndGlobalSection
	GlobalSection(ExtensibilityGlobals) = postSolution
		SolutionGuid = {F4D58B7B-C8D0-4CE5-A6B0-611586FF5B98}
	EndGlobalSection
EndGlobal
